
Microsoft Visual Studio Solution File, Format Version 12.00
# Visual Studio Version 17
VisualStudioVersion = 17.6.33723.286
MinimumVisualStudioVersion = 10.0.40219.1
Project("{FAE04EC0-301F-11D3-BF4B-00C04F79EFBC}") = "0614", "0614.csproj", "{5CA4C579-FCAA-4B9B-8C4F-7DABFBA77F82}"
EndProject
Global
	GlobalSection(SolutionConfigurationPlatforms) = preSolution
		Debug|Any CPU = Debug|Any CPU
		Release|Any CPU = Release|Any CPU
	EndGlobalSection
	GlobalSection(ProjectConfigurationPlatforms) = postSolution
		{5CA4C579-FCAA-4B9B-8C4F-7DABFBA77F82}.Debug|Any CPU.ActiveCfg = Debug|Any CPU
		{5CA4C579-FCAA-4B9B-8C4F-7DABFBA77F82}.Debug|Any CPU.Build.0 = Debug|Any CPU
		{5CA4C579-FCAA-4B9B-8C4F-7DABFBA77F82}.Release|Any CPU.ActiveCfg = Release|Any CPU
		{5CA4C579-FCAA-4B9B-8C4F-7DABFBA77F82}.Release|Any CPU.Build.0 = Release|Any CPU
	EndGlobalSection
	GlobalSection(SolutionProperties) = preSolution
		HideSolutionNode = FALSE
	EndGlobalSection
	GlobalSection(ExtensibilityGlobals) = postSolution
		SolutionGuid = {D68E027F-FD4A-4D6F-BE48-05CA313F56BE}
	EndGlobalSection
EndGlobal
